
Microsoft Visual Studio Solution File, Format Version 11.00
# Visual C# Express 2010
Project("{FAE04EC0-301F-11D3-BF4B-00C04F79EFBC}") = "Save the Humans", "Save the Humans\Save the Humans.csproj", "{76EFB743-5C0A-419D-9BA4-683CCBEE5C10}"
EndProject
Global
	GlobalSection(SolutionConfigurationPlatforms) = preSolution
		Debug|x86 = Debug|x86
		Release|x86 = Release|x86
	EndGlobalSection
	GlobalSection(ProjectConfigurationPlatforms) = postSolution
		{76EFB743-5C0A-419D-9BA4-683CCBEE5C10}.Debug|x86.ActiveCfg = Debug|x86
		{76EFB743-5C0A-419D-9BA4-683CCBEE5C10}.Debug|x86.Build.0 = Debug|x86
		{76EFB743-5C0A-419D-9BA4-683CCBEE5C10}.Release|x86.ActiveCfg = Release|x86
		{76EFB743-5C0A-419D-9BA4-683CCBEE5C10}.Release|x86.Build.0 = Release|x86
	EndGlobalSection
	GlobalSection(SolutionProperties) = preSolution
		HideSolutionNode = FALSE
	EndGlobalSection
EndGlobal
