
Microsoft Visual Studio Solution File, Format Version 11.00
# Visual C# Express 2010
Project("{FAE04EC0-301F-11D3-BF4B-00C04F79EFBC}") = "10LibraryDLL1", "10LibraryDLL1\10LibraryDLL1.csproj", "{D18F3BAD-DBF3-4662-A052-5E9C60EA84CF}"
EndProject
Global
	GlobalSection(SolutionConfigurationPlatforms) = preSolution
		Debug|Any CPU = Debug|Any CPU
		Release|Any CPU = Release|Any CPU
	EndGlobalSection
	GlobalSection(ProjectConfigurationPlatforms) = postSolution
		{D18F3BAD-DBF3-4662-A052-5E9C60EA84CF}.Debug|Any CPU.ActiveCfg = Debug|Any CPU
		{D18F3BAD-DBF3-4662-A052-5E9C60EA84CF}.Debug|Any CPU.Build.0 = Debug|Any CPU
		{D18F3BAD-DBF3-4662-A052-5E9C60EA84CF}.Release|Any CPU.ActiveCfg = Release|Any CPU
		{D18F3BAD-DBF3-4662-A052-5E9C60EA84CF}.Release|Any CPU.Build.0 = Release|Any CPU
	EndGlobalSection
	GlobalSection(SolutionProperties) = preSolution
		HideSolutionNode = FALSE
	EndGlobalSection
EndGlobal
