
Microsoft Visual Studio Solution File, Format Version 11.00
# Visual C# Express 2010
Project("{FAE04EC0-301F-11D3-BF4B-00C04F79EFBC}") = "08-chapter6_inheritance_beehive", "08-chapter6_inheritance_beehive\08-chapter6_inheritance_beehive.csproj", "{82734CDB-034C-4DF3-8B46-051819981C39}"
EndProject
Global
	GlobalSection(SolutionConfigurationPlatforms) = preSolution
		Debug|x86 = Debug|x86
		Release|x86 = Release|x86
	EndGlobalSection
	GlobalSection(ProjectConfigurationPlatforms) = postSolution
		{82734CDB-034C-4DF3-8B46-051819981C39}.Debug|x86.ActiveCfg = Debug|x86
		{82734CDB-034C-4DF3-8B46-051819981C39}.Debug|x86.Build.0 = Debug|x86
		{82734CDB-034C-4DF3-8B46-051819981C39}.Release|x86.ActiveCfg = Release|x86
		{82734CDB-034C-4DF3-8B46-051819981C39}.Release|x86.Build.0 = Release|x86
	EndGlobalSection
	GlobalSection(SolutionProperties) = preSolution
		HideSolutionNode = FALSE
	EndGlobalSection
EndGlobal
